
Microsoft Visual Studio Solution File, Format Version 12.00
# Visual Studio 15
VisualStudioVersion = 15.0.26430.16
MinimumVisualStudioVersion = 10.0.40219.1
Project("{FAE04EC0-301F-11D3-BF4B-00C04F79EFBC}") = "helloWorld", "helloWorld\helloWorld.csproj", "{A7DFB7C2-346E-49B5-A8F6-0EED4E4CA925}"
EndProject
Project("{FAE04EC0-301F-11D3-BF4B-00C04F79EFBC}") = "testHelloWorld", "UnitTestProject1\testHelloWorld.csproj", "{EE75E55A-0A5C-4AC2-8823-D2987B6B3B64}"
EndProject
Global
	GlobalSection(SolutionConfigurationPlatforms) = preSolution
		Debug|Any CPU = Debug|Any CPU
		Release|Any CPU = Release|Any CPU
	EndGlobalSection
	GlobalSection(ProjectConfigurationPlatforms) = postSolution
		{A7DFB7C2-346E-49B5-A8F6-0EED4E4CA925}.Debug|Any CPU.ActiveCfg = Debug|Any CPU
		{A7DFB7C2-346E-49B5-A8F6-0EED4E4CA925}.Debug|Any CPU.Build.0 = Debug|Any CPU
		{A7DFB7C2-346E-49B5-A8F6-0EED4E4CA925}.Release|Any CPU.ActiveCfg = Release|Any CPU
		{A7DFB7C2-346E-49B5-A8F6-0EED4E4CA925}.Release|Any CPU.Build.0 = Release|Any CPU
		{EE75E55A-0A5C-4AC2-8823-D2987B6B3B64}.Debug|Any CPU.ActiveCfg = Debug|Any CPU
		{EE75E55A-0A5C-4AC2-8823-D2987B6B3B64}.Debug|Any CPU.Build.0 = Debug|Any CPU
		{EE75E55A-0A5C-4AC2-8823-D2987B6B3B64}.Release|Any CPU.ActiveCfg = Release|Any CPU
		{EE75E55A-0A5C-4AC2-8823-D2987B6B3B64}.Release|Any CPU.Build.0 = Release|Any CPU
	EndGlobalSection
	GlobalSection(SolutionProperties) = preSolution
		HideSolutionNode = FALSE
	EndGlobalSection
EndGlobal
